// !$*UTF8*$!
{
	archiveVersion = 1;
	classes = {
	};
	objectVersion = 77;
	objects = {

/* Begin PBXBuildFile section */
		08EC5A0699766CE69A3D888A /* FirebaseFirestore in Frameworks */ = {isa = PBXBuildFile; productRef = 61F6B7E3C3F5661DC809CCB3 /* FirebaseFirestore */; };
		3EB14C9EE72121288CE3BFA5 /* FirebaseAnalytics in Frameworks */ = {isa = PBXBuildFile; productRef = 056275469D80A2375E720ACC /* FirebaseAnalytics */; };
		494D9BEA53F2CDFF2AB7505F /* GoogleMobileAds in Frameworks */ = {isa = PBXBuildFile; productRef = 0903B9A6387C7552DB9A1E7F /* GoogleMobileAds */; };
		5A3B142655EB6155C6191EF7 /* FirebaseCrashlytics in Frameworks */ = {isa = PBXBuildFile; productRef = 801B75871850CD07B2606132 /* FirebaseCrashlytics */; };
		71B7B1931EF3FDA0B2A033FE /* FirebaseAuth in Frameworks */ = {isa = PBXBuildFile; productRef = 6FBD0C50F673359F33370C18 /* FirebaseAuth */; };
		A28DE4AE472C242C456CE18F /* FirebaseAppCheck in Frameworks */ = {isa = PBXBuildFile; productRef = 067E679BB4482EF49E343374 /* FirebaseAppCheck */; };
		B0E9F4D27A21C9A8E3C001A1 /* FirebasePerformance in Frameworks */ = {isa = PBXBuildFile; productRef = C7F1A9B58D3E4E11B0F3FF77 /* FirebasePerformance */; };
		D9F12A4B5C6E7F89012345AB /* FirebaseFunctions in Frameworks */ = {isa = PBXBuildFile; productRef = E1A2B3C4D5E6F7891234ABCD /* FirebaseFunctions */; };
		F5A31B1CF1E641CCA9AE87E9 /* FirebaseCore in Frameworks */ = {isa = PBXBuildFile; productRef = 29EBC3A62966BEBADB283536 /* FirebaseCore */; };
/* End PBXBuildFile section */

/* Begin PBXContainerItemProxy section */
		629F0DCF2FA16CC20069E4A5 /* PBXContainerItemProxy */ = {
			isa = PBXContainerItemProxy;
			containerPortal = 629F0DB92FA16CC00069E4A5 /* Project object */;
			proxyType = 1;
			remoteGlobalIDString = 629F0DC02FA16CC00069E4A5;
			remoteInfo = AFFARMENTNEMO;
		};
		629F0DD92FA16CC20069E4A5 /* PBXContainerItemProxy */ = {
			isa = PBXContainerItemProxy;
			containerPortal = 629F0DB92FA16CC00069E4A5 /* Project object */;
			proxyType = 1;
			remoteGlobalIDString = 629F0DC02FA16CC00069E4A5;
			remoteInfo = AFFARMENTNEMO;
		};
/* End PBXContainerItemProxy section */

/* Begin PBXFileReference section */
		629F0DC12FA16CC00069E4A5 /* AFFARMENTNEMO.app */ = {isa = PBXFileReference; explicitFileType = wrapper.application; includeInIndex = 0; path = AFFARMENTNEMO.app; sourceTree = BUILT_PRODUCTS_DIR; };
		629F0DCE2FA16CC20069E4A5 /* AFFARMENTNEMOTests.xctest */ = {isa = PBXFileReference; explicitFileType = wrapper.cfbundle; includeInIndex = 0; path = AFFARMENTNEMOTests.xctest; sourceTree = BUILT_PRODUCTS_DIR; };
		629F0DD82FA16CC20069E4A5 /* AFFARMENTNEMOUITests.xctest */ = {isa = PBXFileReference; explicitFileType = wrapper.cfbundle; includeInIndex = 0; path = AFFARMENTNEMOUITests.xctest; sourceTree = BUILT_PRODUCTS_DIR; };
/* End PBXFileReference section */

/* Begin PBXFileSystemSynchronizedBuildFileExceptionSet section */
		0298325B00B1BC16BCAF3A25 /* Exceptions for "AFFARMENTNEMO" folder in "AFFARMENTNEMO" target */ = {
			isa = PBXFileSystemSynchronizedBuildFileExceptionSet;
			membershipExceptions = (
				Info.plist,
			);
			target = 629F0DC02FA16CC00069E4A5 /* AFFARMENTNEMO */;
		};
/* End PBXFileSystemSynchronizedBuildFileExceptionSet section */

/* Begin PBXFileSystemSynchronizedRootGroup section */
		629F0DC32FA16CC00069E4A5 /* AFFARMENTNEMO */ = {
			isa = PBXFileSystemSynchronizedRootGroup;
			exceptions = (
				0298325B00B1BC16BCAF3A25 /* Exceptions for "AFFARMENTNEMO" folder in "AFFARMENTNEMO" target */,
			);
			path = AFFARMENTNEMO;
			sourceTree = "<group>";
		};
		629F0DD12FA16CC20069E4A5 /* AFFARMENTNEMOTests */ = {
			isa = PBXFileSystemSynchronizedRootGroup;
			exceptions = (
			);
			path = AFFARMENTNEMOTests;
			sourceTree = "<group>";
		};
		629F0DDB2FA16CC20069E4A5 /* AFFARMENTNEMOUITests */ = {
			isa = PBXFileSystemSynchronizedRootGroup;
			exceptions = (
			);
			path = AFFARMENTNEMOUITests;
			sourceTree = "<group>";
		};
/* End PBXFileSystemSynchronizedRootGroup section */

/* Begin PBXFrameworksBuildPhase section */
		629F0DBE2FA16CC00069E4A5 /* Frameworks */ = {
			isa = PBXFrameworksBuildPhase;
			buildActionMask = 2147483647;
			files = (
				494D9BEA53F2CDFF2AB7505F /* GoogleMobileAds in Frameworks */,
				71B7B1931EF3FDA0B2A033FE /* FirebaseAuth in Frameworks */,
				08EC5A0699766CE69A3D888A /* FirebaseFirestore in Frameworks */,
				F5A31B1CF1E641CCA9AE87E9 /* FirebaseCore in Frameworks */,
				A28DE4AE472C242C456CE18F /* FirebaseAppCheck in Frameworks */,
				5A3B142655EB6155C6191EF7 /* FirebaseCrashlytics in Frameworks */,
				3EB14C9EE72121288CE3BFA5 /* FirebaseAnalytics in Frameworks */,
				B0E9F4D27A21C9A8E3C001A1 /* FirebasePerformance in Frameworks */,
				D9F12A4B5C6E7F89012345AB /* FirebaseFunctions in Frameworks */,
			);
			runOnlyForDeploymentPostprocessing = 0;
		};
		629F0DCB2FA16CC20069E4A5 /* Frameworks */ = {
			isa = PBXFrameworksBuildPhase;
			buildActionMask = 2147483647;
			files = (
			);
			runOnlyForDeploymentPostprocessing = 0;
		};
		629F0DD52FA16CC20069E4A5 /* Frameworks */ = {
			isa = PBXFrameworksBuildPhase;
			buildActionMask = 2147483647;
			files = (
			);
			runOnlyForDeploymentPostprocessing = 0;
		};
/* End PBXFrameworksBuildPhase section */

/* Begin PBXGroup section */
		629F0DB82FA16CC00069E4A5 = {
			isa = PBXGroup;
			children = (
				629F0DC32FA16CC00069E4A5 /* AFFARMENTNEMO */,
				629F0DD12FA16CC20069E4A5 /* AFFARMENTNEMOTests */,
				629F0DDB2FA16CC20069E4A5 /* AFFARMENTNEMOUITests */,
				629F0DC22FA16CC00069E4A5 /* Products */,
			);
			sourceTree = "<group>";
		};
		629F0DC22FA16CC00069E4A5 /* Products */ = {
			isa = PBXGroup;
			children = (
				629F0DC12FA16CC00069E4A5 /* AFFARMENTNEMO.app */,
				629F0DCE2FA16CC20069E4A5 /* AFFARMENTNEMOTests.xctest */,
				629F0DD82FA16CC20069E4A5 /* AFFARMENTNEMOUITests.xctest */,
			);
			name = Products;
			sourceTree = "<group>";
		};
/* End PBXGroup section */

/* Begin PBXNativeTarget section */
		629F0DC02FA16CC00069E4A5 /* AFFARMENTNEMO */ = {
			isa = PBXNativeTarget;
			buildConfigurationList = 629F0DE22FA16CC20069E4A5 /* Build configuration list for PBXNativeTarget "AFFARMENTNEMO" */;
			buildPhases = (
				629F0DBD2FA16CC00069E4A5 /* Sources */,
				629F0DBE2FA16CC00069E4A5 /* Frameworks */,
				629F0DBF2FA16CC00069E4A5 /* Resources */,
				541AF61647F2E9D6972ACADD /* Crashlytics Run Script */,
			);
			buildRules = (
			);
			dependencies = (
			);
			fileSystemSynchronizedGroups = (
				629F0DC32FA16CC00069E4A5 /* AFFARMENTNEMO */,
			);
			name = AFFARMENTNEMO;
			packageProductDependencies = (
				0903B9A6387C7552DB9A1E7F /* GoogleMobileAds */,
				6FBD0C50F673359F33370C18 /* FirebaseAuth */,
				61F6B7E3C3F5661DC809CCB3 /* FirebaseFirestore */,
				29EBC3A62966BEBADB283536 /* FirebaseCore */,
				067E679BB4482EF49E343374 /* FirebaseAppCheck */,
				801B75871850CD07B2606132 /* FirebaseCrashlytics */,
				056275469D80A2375E720ACC /* FirebaseAnalytics */,
				C7F1A9B58D3E4E11B0F3FF77 /* FirebasePerformance */,
				E1A2B3C4D5E6F7891234ABCD /* FirebaseFunctions */,
			);
			productName = AFFARMENTNEMO;
			productReference = 629F0DC12FA16CC00069E4A5 /* AFFARMENTNEMO.app */;
			productType = "com.apple.product-type.application";
		};
		629F0DCD2FA16CC20069E4A5 /* AFFARMENTNEMOTests */ = {
			isa = PBXNativeTarget;
			buildConfigurationList = 629F0DE52FA16CC20069E4A5 /* Build configuration list for PBXNativeTarget "AFFARMENTNEMOTests" */;
			buildPhases = (
				629F0DCA2FA16CC20069E4A5 /* Sources */,
				629F0DCB2FA16CC20069E4A5 /* Frameworks */,
				629F0DCC2FA16CC20069E4A5 /* Resources */,
			);
			buildRules = (
			);
			dependencies = (
				629F0DD02FA16CC20069E4A5 /* PBXTargetDependency */,
			);
			fileSystemSynchronizedGroups = (
				629F0DD12FA16CC20069E4A5 /* AFFARMENTNEMOTests */,
			);
			name = AFFARMENTNEMOTests;
			productName = AFFARMENTNEMOTests;
			productReference = 629F0DCE2FA16CC20069E4A5 /* AFFARMENTNEMOTests.xctest */;
			productType = "com.apple.product-type.bundle.unit-test";
		};
		629F0DD72FA16CC20069E4A5 /* AFFARMENTNEMOUITests */ = {
			isa = PBXNativeTarget;
			buildConfigurationList = 629F0DE82FA16CC20069E4A5 /* Build configuration list for PBXNativeTarget "AFFARMENTNEMOUITests" */;
			buildPhases = (
				629F0DD42FA16CC20069E4A5 /* Sources */,
				629F0DD52FA16CC20069E4A5 /* Frameworks */,
				629F0DD62FA16CC20069E4A5 /* Resources */,
			);
			buildRules = (
			);
			dependencies = (
				629F0DDA2FA16CC20069E4A5 /* PBXTargetDependency */,
			);
			fileSystemSynchronizedGroups = (
				629F0DDB2FA16CC20069E4A5 /* AFFARMENTNEMOUITests */,
			);
			name = AFFARMENTNEMOUITests;
			productName = AFFARMENTNEMOUITests;
			productReference = 629F0DD82FA16CC20069E4A5 /* AFFARMENTNEMOUITests.xctest */;
			productType = "com.apple.product-type.bundle.ui-testing";
		};
/* End PBXNativeTarget section */

/* Begin PBXProject section */
		629F0DB92FA16CC00069E4A5 /* Project object */ = {
			isa = PBXProject;
			attributes = {
				BuildIndependentTargetsInParallel = 1;
				LastSwiftUpdateCheck = 2620;
				LastUpgradeCheck = 2620;
				TargetAttributes = {
					629F0DC02FA16CC00069E4A5 = {
						CreatedOnToolsVersion = 26.2;
					};
					629F0DCD2FA16CC20069E4A5 = {
						CreatedOnToolsVersion = 26.2;
						TestTargetID = 629F0DC02FA16CC00069E4A5;
					};
					629F0DD72FA16CC20069E4A5 = {
						CreatedOnToolsVersion = 26.2;
						TestTargetID = 629F0DC02FA16CC00069E4A5;
					};
				};
			};
			buildConfigurationList = 629F0DBC2FA16CC00069E4A5 /* Build configuration list for PBXProject "AFFARMENTNEMO" */;
			developmentRegion = en;
			hasScannedForEncodings = 0;
			knownRegions = (
				en,
				Base,
			);
			mainGroup = 629F0DB82FA16CC00069E4A5;
			minimizedProjectReferenceProxies = 1;
			packageReferences = (
				CCCF29225AD7A26861BE0765 /* XCRemoteSwiftPackageReference "swift-package-manager-google-mobile-ads" */,
				0A5B41D0030DF96600FB6F6A /* XCRemoteSwiftPackageReference "firebase-ios-sdk" */,
			);
			preferredProjectObjectVersion = 77;
			productRefGroup = 629F0DC22FA16CC00069E4A5 /* Products */;
			projectDirPath = "";
			projectRoot = "";
			targets = (
				629F0DC02FA16CC00069E4A5 /* AFFARMENTNEMO */,
				629F0DCD2FA16CC20069E4A5 /* AFFARMENTNEMOTests */,
				629F0DD72FA16CC20069E4A5 /* AFFARMENTNEMOUITests */,
			);
		};
/* End PBXProject section */

/* Begin PBXResourcesBuildPhase section */
		629F0DBF2FA16CC00069E4A5 /* Resources */ = {
			isa = PBXResourcesBuildPhase;
			buildActionMask = 2147483647;
			files = (
			);
			runOnlyForDeploymentPostprocessing = 0;
		};
		629F0DCC2FA16CC20069E4A5 /* Resources */ = {
			isa = PBXResourcesBuildPhase;
			buildActionMask = 2147483647;
			files = (
			);
			runOnlyForDeploymentPostprocessing = 0;
		};
		629F0DD62FA16CC20069E4A5 /* Resources */ = {
			isa = PBXResourcesBuildPhase;
			buildActionMask = 2147483647;
			files = (
			);
			runOnlyForDeploymentPostprocessing = 0;
		};
/* End PBXResourcesBuildPhase section */

/* Begin PBXShellScriptBuildPhase section */
		541AF61647F2E9D6972ACADD /* Crashlytics Run Script */ = {
			isa = PBXShellScriptBuildPhase;
			buildActionMask = 2147483647;
			files = (
			);
			inputFileListPaths = (
			);
			inputPaths = (
				"\"${DWARF_DSYM_FOLDER_PATH}/${DWARF_DSYM_FILE_NAME}/Contents/Resources/DWARF/${TARGET_NAME}\"",
				"$(SRCROOT)/AFFARMENTNEMO/GoogleService-Info.plist",
				"$(TARGET_BUILD_DIR)/$(UNLOCALIZED_RESOURCES_FOLDER_PATH)/GoogleService-Info.plist",
				"$(TARGET_BUILD_DIR)/$(EXECUTABLE_PATH)",
				"$(DWARF_DSYM_FOLDER_PATH)/$(DWARF_DSYM_FILE_NAME)/Contents/Info.plist",
			);
			name = "Crashlytics Run Script";
				outputFileListPaths = (
				);
				outputPaths = (
					"$(DERIVED_FILE_DIR)/CrashlyticsRunScriptOutput",
				);
			runOnlyForDeploymentPostprocessing = 0;
			shellPath = /bin/sh;
			shellScript = "\"${BUILD_DIR%/Build/*}/SourcePackages/checkouts/firebase-ios-sdk/Crashlytics/run\"";
		};
/* End PBXShellScriptBuildPhase section */

/* Begin PBXSourcesBuildPhase section */
		629F0DBD2FA16CC00069E4A5 /* Sources */ = {
			isa = PBXSourcesBuildPhase;
			buildActionMask = 2147483647;
			files = (
			);
			runOnlyForDeploymentPostprocessing = 0;
		};
		629F0DCA2FA16CC20069E4A5 /* Sources */ = {
			isa = PBXSourcesBuildPhase;
			buildActionMask = 2147483647;
			files = (
			);
			runOnlyForDeploymentPostprocessing = 0;
		};
		629F0DD42FA16CC20069E4A5 /* Sources */ = {
			isa = PBXSourcesBuildPhase;
			buildActionMask = 2147483647;
			files = (
			);
			runOnlyForDeploymentPostprocessing = 0;
		};
/* End PBXSourcesBuildPhase section */

/* Begin PBXTargetDependency section */
		629F0DD02FA16CC20069E4A5 /* PBXTargetDependency */ = {
			isa = PBXTargetDependency;
			target = 629F0DC02FA16CC00069E4A5 /* AFFARMENTNEMO */;
			targetProxy = 629F0DCF2FA16CC20069E4A5 /* PBXContainerItemProxy */;
		};
		629F0DDA2FA16CC20069E4A5 /* PBXTargetDependency */ = {
			isa = PBXTargetDependency;
			target = 629F0DC02FA16CC00069E4A5 /* AFFARMENTNEMO */;
			targetProxy = 629F0DD92FA16CC20069E4A5 /* PBXContainerItemProxy */;
		};
/* End PBXTargetDependency section */

/* Begin XCBuildConfiguration section */
		629F0DE02FA16CC20069E4A5 /* Debug */ = {
			isa = XCBuildConfiguration;
			buildSettings = {
				ALWAYS_SEARCH_USER_PATHS = NO;
				ASSETCATALOG_COMPILER_GENERATE_SWIFT_ASSET_SYMBOL_EXTENSIONS = YES;
				CLANG_ANALYZER_NONNULL = YES;
				CLANG_ANALYZER_NUMBER_OBJECT_CONVERSION = YES_AGGRESSIVE;
				CLANG_CXX_LANGUAGE_STANDARD = "gnu++20";
				CLANG_ENABLE_MODULES = YES;
				CLANG_ENABLE_OBJC_ARC = YES;
				CLANG_ENABLE_OBJC_WEAK = YES;
				CLANG_WARN_BLOCK_CAPTURE_AUTORELEASING = YES;
				CLANG_WARN_BOOL_CONVERSION = YES;
				CLANG_WARN_COMMA = YES;
				CLANG_WARN_CONSTANT_CONVERSION = YES;
				CLANG_WARN_DEPRECATED_OBJC_IMPLEMENTATIONS = YES;
				CLANG_WARN_DIRECT_OBJC_ISA_USAGE = YES_ERROR;
				CLANG_WARN_DOCUMENTATION_COMMENTS = YES;
				CLANG_WARN_EMPTY_BODY = YES;
				CLANG_WARN_ENUM_CONVERSION = YES;
				CLANG_WARN_INFINITE_RECURSION = YES;
				CLANG_WARN_INT_CONVERSION = YES;
				CLANG_WARN_NON_LITERAL_NULL_CONVERSION = YES;
				CLANG_WARN_OBJC_IMPLICIT_RETAIN_SELF = YES;
				CLANG_WARN_OBJC_LITERAL_CONVERSION = YES;
				CLANG_WARN_OBJC_ROOT_CLASS = YES_ERROR;
				CLANG_WARN_QUOTED_INCLUDE_IN_FRAMEWORK_HEADER = YES;
				CLANG_WARN_RANGE_LOOP_ANALYSIS = YES;
				CLANG_WARN_STRICT_PROTOTYPES = YES;
				CLANG_WARN_SUSPICIOUS_MOVE = YES;
				CLANG_WARN_UNGUARDED_AVAILABILITY = YES_AGGRESSIVE;
				CLANG_WARN_UNREACHABLE_CODE = YES;
				CLANG_WARN__DUPLICATE_METHOD_MATCH = YES;
				COPY_PHASE_STRIP = NO;
				DEBUG_INFORMATION_FORMAT = "dwarf-with-dsym";
				DEVELOPMENT_TEAM = TC65CTZUVF;
				ENABLE_STRICT_OBJC_MSGSEND = YES;
				ENABLE_TESTABILITY = YES;
				ENABLE_USER_SCRIPT_SANDBOXING = YES;
				GCC_C_LANGUAGE_STANDARD = gnu17;
				GCC_DYNAMIC_NO_PIC = NO;
				GCC_NO_COMMON_BLOCKS = YES;
				GCC_OPTIMIZATION_LEVEL = 0;
				GCC_PREPROCESSOR_DEFINITIONS = (
					"DEBUG=1",
					"$(inherited)",
				);
				GCC_WARN_64_TO_32_BIT_CONVERSION = YES;
				GCC_WARN_ABOUT_RETURN_TYPE = YES_ERROR;
				GCC_WARN_UNDECLARED_SELECTOR = YES;
				GCC_WARN_UNINITIALIZED_AUTOS = YES_AGGRESSIVE;
				GCC_WARN_UNUSED_FUNCTION = YES;
				GCC_WARN_UNUSED_VARIABLE = YES;
				IPHONEOS_DEPLOYMENT_TARGET = 26.2;
				LOCALIZATION_PREFERS_STRING_CATALOGS = YES;
				MTL_ENABLE_DEBUG_INFO = INCLUDE_SOURCE;
				MTL_FAST_MATH = YES;
				ONLY_ACTIVE_ARCH = YES;
				SDKROOT = iphoneos;
				SWIFT_ACTIVE_COMPILATION_CONDITIONS = "DEBUG $(inherited)";
				SWIFT_OPTIMIZATION_LEVEL = "-Onone";
			};
			name = Debug;
		};
		629F0DE12FA16CC20069E4A5 /* Release */ = {
			isa = XCBuildConfiguration;
			buildSettings = {
				ALWAYS_SEARCH_USER_PATHS = NO;
				ASSETCATALOG_COMPILER_GENERATE_SWIFT_ASSET_SYMBOL_EXTENSIONS = YES;
				CLANG_ANALYZER_NONNULL = YES;
				CLANG_ANALYZER_NUMBER_OBJECT_CONVERSION = YES_AGGRESSIVE;
				CLANG_CXX_LANGUAGE_STANDARD = "gnu++20";
				CLANG_ENABLE_MODULES = YES;
				CLANG_ENABLE_OBJC_ARC = YES;
				CLANG_ENABLE_OBJC_WEAK = YES;
				CLANG_WARN_BLOCK_CAPTURE_AUTORELEASING = YES;
				CLANG_WARN_BOOL_CONVERSION = YES;
				CLANG_WARN_COMMA = YES;
				CLANG_WARN_CONSTANT_CONVERSION = YES;
				CLANG_WARN_DEPRECATED_OBJC_IMPLEMENTATIONS = YES;
				CLANG_WARN_DIRECT_OBJC_ISA_USAGE = YES_ERROR;
				CLANG_WARN_DOCUMENTATION_COMMENTS = YES;
				CLANG_WARN_EMPTY_BODY = YES;
				CLANG_WARN_ENUM_CONVERSION = YES;
				CLANG_WARN_INFINITE_RECURSION = YES;
				CLANG_WARN_INT_CONVERSION = YES;
				CLANG_WARN_NON_LITERAL_NULL_CONVERSION = YES;
				CLANG_WARN_OBJC_IMPLICIT_RETAIN_SELF = YES;
				CLANG_WARN_OBJC_LITERAL_CONVERSION = YES;
				CLANG_WARN_OBJC_ROOT_CLASS = YES_ERROR;
				CLANG_WARN_QUOTED_INCLUDE_IN_FRAMEWORK_HEADER = YES;
				CLANG_WARN_RANGE_LOOP_ANALYSIS = YES;
				CLANG_WARN_STRICT_PROTOTYPES = YES;
				CLANG_WARN_SUSPICIOUS_MOVE = YES;
				CLANG_WARN_UNGUARDED_AVAILABILITY = YES_AGGRESSIVE;
				CLANG_WARN_UNREACHABLE_CODE = YES;
				CLANG_WARN__DUPLICATE_METHOD_MATCH = YES;
				COPY_PHASE_STRIP = NO;
				DEBUG_INFORMATION_FORMAT = "dwarf-with-dsym";
				DEVELOPMENT_TEAM = TC65CTZUVF;
				ENABLE_NS_ASSERTIONS = NO;
				ENABLE_STRICT_OBJC_MSGSEND = YES;
				ENABLE_USER_SCRIPT_SANDBOXING = YES;
				GCC_C_LANGUAGE_STANDARD = gnu17;
				GCC_NO_COMMON_BLOCKS = YES;
				GCC_WARN_64_TO_32_BIT_CONVERSION = YES;
				GCC_WARN_ABOUT_RETURN_TYPE = YES_ERROR;
				GCC_WARN_UNDECLARED_SELECTOR = YES;
				GCC_WARN_UNINITIALIZED_AUTOS = YES_AGGRESSIVE;
				GCC_WARN_UNUSED_FUNCTION = YES;
				GCC_WARN_UNUSED_VARIABLE = YES;
				IPHONEOS_DEPLOYMENT_TARGET = 26.2;
				LOCALIZATION_PREFERS_STRING_CATALOGS = YES;
				MTL_ENABLE_DEBUG_INFO = NO;
				MTL_FAST_MATH = YES;
				SDKROOT = iphoneos;
				SWIFT_COMPILATION_MODE = wholemodule;
				VALIDATE_PRODUCT = YES;
			};
			name = Release;
		};
		629F0DE32FA16CC20069E4A5 /* Debug */ = {
			isa = XCBuildConfiguration;
			buildSettings = {
				ASSETCATALOG_COMPILER_APPICON_NAME = AppIcon;
				ASSETCATALOG_COMPILER_GLOBAL_ACCENT_COLOR_NAME = AccentColor;
				CODE_SIGN_ENTITLEMENTS = AFFARMENTNEMO/AFFARMENTNEMO.entitlements;
				CODE_SIGN_STYLE = Automatic;
				CURRENT_PROJECT_VERSION = 27;
				DEVELOPMENT_TEAM = TC65CTZUVF;
				ENABLE_PREVIEWS = YES;
				GENERATE_INFOPLIST_FILE = NO;
				INFOPLIST_FILE = AFFARMENTNEMO/Info.plist;
				LD_RUNPATH_SEARCH_PATHS = (
					"$(inherited)",
					"@executable_path/Frameworks",
				);
				MARKETING_VERSION = 1.0.6;
				PRODUCT_BUNDLE_IDENTIFIER = com.mendoi.AFFARMENTNEMO;
				PRODUCT_NAME = "$(TARGET_NAME)";
				STRING_CATALOG_GENERATE_SYMBOLS = YES;
				SWIFT_APPROACHABLE_CONCURRENCY = YES;
				SWIFT_ACTIVE_COMPILATION_CONDITIONS = "PHASE3_GEMINI_LIVE $(inherited)";
				SWIFT_DEFAULT_ACTOR_ISOLATION = MainActor;
				SWIFT_EMIT_LOC_STRINGS = YES;
				SWIFT_UPCOMING_FEATURE_MEMBER_IMPORT_VISIBILITY = YES;
				SWIFT_VERSION = 5.0;
				TARGETED_DEVICE_FAMILY = "1,2";
			};
			name = Debug;
		};
		629F0DE42FA16CC20069E4A5 /* Release */ = {
			isa = XCBuildConfiguration;
			buildSettings = {
				ASSETCATALOG_COMPILER_APPICON_NAME = AppIcon;
				ASSETCATALOG_COMPILER_GLOBAL_ACCENT_COLOR_NAME = AccentColor;
				CODE_SIGN_ENTITLEMENTS = AFFARMENTNEMO/AFFARMENTNEMO.entitlements;
				CODE_SIGN_STYLE = Automatic;
				CURRENT_PROJECT_VERSION = 27;
				DEVELOPMENT_TEAM = TC65CTZUVF;
				ENABLE_PREVIEWS = YES;
				GENERATE_INFOPLIST_FILE = NO;
				INFOPLIST_FILE = AFFARMENTNEMO/Info.plist;
				LD_RUNPATH_SEARCH_PATHS = (
					"$(inherited)",
					"@executable_path/Frameworks",
				);
				MARKETING_VERSION = 1.0.6;
				PRODUCT_BUNDLE_IDENTIFIER = com.mendoi.AFFARMENTNEMO;
				PRODUCT_NAME = "$(TARGET_NAME)";
				STRING_CATALOG_GENERATE_SYMBOLS = YES;
				SWIFT_APPROACHABLE_CONCURRENCY = YES;
				SWIFT_ACTIVE_COMPILATION_CONDITIONS = "PHASE3_GEMINI_LIVE $(inherited)";
				SWIFT_DEFAULT_ACTOR_ISOLATION = MainActor;
				SWIFT_EMIT_LOC_STRINGS = YES;
				SWIFT_UPCOMING_FEATURE_MEMBER_IMPORT_VISIBILITY = YES;
				SWIFT_VERSION = 5.0;
				TARGETED_DEVICE_FAMILY = "1,2";
			};
			name = Release;
		};
		629F0DE62FA16CC20069E4A5 /* Debug */ = {
			isa = XCBuildConfiguration;
			buildSettings = {
				BUNDLE_LOADER = "$(TEST_HOST)";
				CODE_SIGN_STYLE = Automatic;
				CURRENT_PROJECT_VERSION = 27;
				DEVELOPMENT_TEAM = TC65CTZUVF;
				GENERATE_INFOPLIST_FILE = YES;
				IPHONEOS_DEPLOYMENT_TARGET = 26.2;
				MARKETING_VERSION = 1.0;
				PRODUCT_BUNDLE_IDENTIFIER = com.mendoi.AFFARMENTNEMOTests;
				PRODUCT_NAME = "$(TARGET_NAME)";
				STRING_CATALOG_GENERATE_SYMBOLS = NO;
				SWIFT_APPROACHABLE_CONCURRENCY = YES;
				SWIFT_EMIT_LOC_STRINGS = NO;
				SWIFT_UPCOMING_FEATURE_MEMBER_IMPORT_VISIBILITY = YES;
				SWIFT_VERSION = 5.0;
				TARGETED_DEVICE_FAMILY = "1,2";
				TEST_HOST = "$(BUILT_PRODUCTS_DIR)/AFFARMENTNEMO.app/$(BUNDLE_EXECUTABLE_FOLDER_PATH)/AFFARMENTNEMO";
			};
			name = Debug;
		};
		629F0DE72FA16CC20069E4A5 /* Release */ = {
			isa = XCBuildConfiguration;
			buildSettings = {
				BUNDLE_LOADER = "$(TEST_HOST)";
				CODE_SIGN_STYLE = Automatic;
				CURRENT_PROJECT_VERSION = 27;
				DEVELOPMENT_TEAM = TC65CTZUVF;
				GENERATE_INFOPLIST_FILE = YES;
				IPHONEOS_DEPLOYMENT_TARGET = 26.2;
				MARKETING_VERSION = 1.0;
				PRODUCT_BUNDLE_IDENTIFIER = com.mendoi.AFFARMENTNEMOTests;
				PRODUCT_NAME = "$(TARGET_NAME)";
				STRING_CATALOG_GENERATE_SYMBOLS = NO;
				SWIFT_APPROACHABLE_CONCURRENCY = YES;
				SWIFT_EMIT_LOC_STRINGS = NO;
				SWIFT_UPCOMING_FEATURE_MEMBER_IMPORT_VISIBILITY = YES;
				SWIFT_VERSION = 5.0;
				TARGETED_DEVICE_FAMILY = "1,2";
				TEST_HOST = "$(BUILT_PRODUCTS_DIR)/AFFARMENTNEMO.app/$(BUNDLE_EXECUTABLE_FOLDER_PATH)/AFFARMENTNEMO";
			};
			name = Release;
		};
		629F0DE92FA16CC20069E4A5 /* Debug */ = {
			isa = XCBuildConfiguration;
			buildSettings = {
				CODE_SIGN_STYLE = Automatic;
				CURRENT_PROJECT_VERSION = 27;
				DEVELOPMENT_TEAM = TC65CTZUVF;
				GENERATE_INFOPLIST_FILE = YES;
				MARKETING_VERSION = 1.0;
				PRODUCT_BUNDLE_IDENTIFIER = com.mendoi.AFFARMENTNEMOUITests;
				PRODUCT_NAME = "$(TARGET_NAME)";
				STRING_CATALOG_GENERATE_SYMBOLS = NO;
				SWIFT_APPROACHABLE_CONCURRENCY = YES;
				SWIFT_EMIT_LOC_STRINGS = NO;
				SWIFT_UPCOMING_FEATURE_MEMBER_IMPORT_VISIBILITY = YES;
				SWIFT_VERSION = 5.0;
				TARGETED_DEVICE_FAMILY = "1,2";
				TEST_TARGET_NAME = AFFARMENTNEMO;
			};
			name = Debug;
		};
		629F0DEA2FA16CC20069E4A5 /* Release */ = {
			isa = XCBuildConfiguration;
			buildSettings = {
				CODE_SIGN_STYLE = Automatic;
				CURRENT_PROJECT_VERSION = 27;
				DEVELOPMENT_TEAM = TC65CTZUVF;
				GENERATE_INFOPLIST_FILE = YES;
				MARKETING_VERSION = 1.0;
				PRODUCT_BUNDLE_IDENTIFIER = com.mendoi.AFFARMENTNEMOUITests;
				PRODUCT_NAME = "$(TARGET_NAME)";
				STRING_CATALOG_GENERATE_SYMBOLS = NO;
				SWIFT_APPROACHABLE_CONCURRENCY = YES;
				SWIFT_EMIT_LOC_STRINGS = NO;
				SWIFT_UPCOMING_FEATURE_MEMBER_IMPORT_VISIBILITY = YES;
				SWIFT_VERSION = 5.0;
				TARGETED_DEVICE_FAMILY = "1,2";
				TEST_TARGET_NAME = AFFARMENTNEMO;
			};
			name = Release;
		};
/* End XCBuildConfiguration section */

/* Begin XCConfigurationList section */
		629F0DBC2FA16CC00069E4A5 /* Build configuration list for PBXProject "AFFARMENTNEMO" */ = {
			isa = XCConfigurationList;
			buildConfigurations = (
				629F0DE02FA16CC20069E4A5 /* Debug */,
				629F0DE12FA16CC20069E4A5 /* Release */,
			);
			defaultConfigurationIsVisible = 0;
			defaultConfigurationName = Release;
		};
		629F0DE22FA16CC20069E4A5 /* Build configuration list for PBXNativeTarget "AFFARMENTNEMO" */ = {
			isa = XCConfigurationList;
			buildConfigurations = (
				629F0DE32FA16CC20069E4A5 /* Debug */,
				629F0DE42FA16CC20069E4A5 /* Release */,
			);
			defaultConfigurationIsVisible = 0;
			defaultConfigurationName = Release;
		};
		629F0DE52FA16CC20069E4A5 /* Build configuration list for PBXNativeTarget "AFFARMENTNEMOTests" */ = {
			isa = XCConfigurationList;
			buildConfigurations = (
				629F0DE62FA16CC20069E4A5 /* Debug */,
				629F0DE72FA16CC20069E4A5 /* Release */,
			);
			defaultConfigurationIsVisible = 0;
			defaultConfigurationName = Release;
		};
		629F0DE82FA16CC20069E4A5 /* Build configuration list for PBXNativeTarget "AFFARMENTNEMOUITests" */ = {
			isa = XCConfigurationList;
			buildConfigurations = (
				629F0DE92FA16CC20069E4A5 /* Debug */,
				629F0DEA2FA16CC20069E4A5 /* Release */,
			);
			defaultConfigurationIsVisible = 0;
			defaultConfigurationName = Release;
		};
/* End XCConfigurationList section */

/* Begin XCRemoteSwiftPackageReference section */
		0A5B41D0030DF96600FB6F6A /* XCRemoteSwiftPackageReference "firebase-ios-sdk" */ = {
			isa = XCRemoteSwiftPackageReference;
			repositoryURL = "https://github.com/firebase/firebase-ios-sdk";
			requirement = {
				kind = upToNextMajorVersion;
				minimumVersion = 11.0.0;
			};
		};
		CCCF29225AD7A26861BE0765 /* XCRemoteSwiftPackageReference "swift-package-manager-google-mobile-ads" */ = {
			isa = XCRemoteSwiftPackageReference;
			repositoryURL = "https://github.com/googleads/swift-package-manager-google-mobile-ads";
			requirement = {
				kind = upToNextMajorVersion;
				minimumVersion = 12.0.0;
			};
		};
/* End XCRemoteSwiftPackageReference section */

/* Begin XCSwiftPackageProductDependency section */
		056275469D80A2375E720ACC /* FirebaseAnalytics */ = {
			isa = XCSwiftPackageProductDependency;
			package = 0A5B41D0030DF96600FB6F6A /* XCRemoteSwiftPackageReference "firebase-ios-sdk" */;
			productName = FirebaseAnalytics;
		};
		067E679BB4482EF49E343374 /* FirebaseAppCheck */ = {
			isa = XCSwiftPackageProductDependency;
			package = 0A5B41D0030DF96600FB6F6A /* XCRemoteSwiftPackageReference "firebase-ios-sdk" */;
			productName = FirebaseAppCheck;
		};
		0903B9A6387C7552DB9A1E7F /* GoogleMobileAds */ = {
			isa = XCSwiftPackageProductDependency;
			package = CCCF29225AD7A26861BE0765 /* XCRemoteSwiftPackageReference "swift-package-manager-google-mobile-ads" */;
			productName = GoogleMobileAds;
		};
		29EBC3A62966BEBADB283536 /* FirebaseCore */ = {
			isa = XCSwiftPackageProductDependency;
			package = 0A5B41D0030DF96600FB6F6A /* XCRemoteSwiftPackageReference "firebase-ios-sdk" */;
			productName = FirebaseCore;
		};
		61F6B7E3C3F5661DC809CCB3 /* FirebaseFirestore */ = {
			isa = XCSwiftPackageProductDependency;
			package = 0A5B41D0030DF96600FB6F6A /* XCRemoteSwiftPackageReference "firebase-ios-sdk" */;
			productName = FirebaseFirestore;
		};
		6FBD0C50F673359F33370C18 /* FirebaseAuth */ = {
			isa = XCSwiftPackageProductDependency;
			package = 0A5B41D0030DF96600FB6F6A /* XCRemoteSwiftPackageReference "firebase-ios-sdk" */;
			productName = FirebaseAuth;
		};
		801B75871850CD07B2606132 /* FirebaseCrashlytics */ = {
			isa = XCSwiftPackageProductDependency;
			package = 0A5B41D0030DF96600FB6F6A /* XCRemoteSwiftPackageReference "firebase-ios-sdk" */;
			productName = FirebaseCrashlytics;
		};
		C7F1A9B58D3E4E11B0F3FF77 /* FirebasePerformance */ = {
			isa = XCSwiftPackageProductDependency;
			package = 0A5B41D0030DF96600FB6F6A /* XCRemoteSwiftPackageReference "firebase-ios-sdk" */;
			productName = FirebasePerformance;
		};
		E1A2B3C4D5E6F7891234ABCD /* FirebaseFunctions */ = {
			isa = XCSwiftPackageProductDependency;
			package = 0A5B41D0030DF96600FB6F6A /* XCRemoteSwiftPackageReference "firebase-ios-sdk" */;
			productName = FirebaseFunctions;
		};
/* End XCSwiftPackageProductDependency section */
	};
	rootObject = 629F0DB92FA16CC00069E4A5 /* Project object */;
}
